// !$*UTF8*$!
{
	archiveVersion = 1;
	classes = {
	};
	objectVersion = 55;
	objects = {

/* Begin PBXBuildFile section */
		13C2AF6224766AD0009641FC /* effects in Resources */ = {isa = PBXBuildFile; fileRef = 13C2AF6124766AD0009641FC /* effects */; };
		635135712B7E0D8300D4781F /* MainViewController.storyboard in Resources */ = {isa = PBXBuildFile; fileRef = 6351356F2B7E0D8300D4781F /* MainViewController.storyboard */; };
		635135722B7E0D8300D4781F /* MainViewController.swift in Sources */ = {isa = PBXBuildFile; fileRef = 635135702B7E0D8300D4781F /* MainViewController.swift */; };
		635135802B7E10B700D4781F /* EffectPreviewCell.swift in Sources */ = {isa = PBXBuildFile; fileRef = 635135772B7E10B700D4781F /* EffectPreviewCell.swift */; };
		635135832B7E10B700D4781F /* EffectPreviewCell.xib in Resources */ = {isa = PBXBuildFile; fileRef = 6351357A2B7E10B700D4781F /* EffectPreviewCell.xib */; };
		635135862B7E10B700D4781F /* ReusableCell.swift in Sources */ = {isa = PBXBuildFile; fileRef = 6351357D2B7E10B700D4781F /* ReusableCell.swift */; };
		6351358B2B7E115500D4781F /* UIColor+Utils.swift in Sources */ = {isa = PBXBuildFile; fileRef = 6351358A2B7E115500D4781F /* UIColor+Utils.swift */; };
		6351358D2B7E115C00D4781F /* UICollectionView+Extension.swift in Sources */ = {isa = PBXBuildFile; fileRef = 6351358C2B7E115C00D4781F /* UICollectionView+Extension.swift */; };
		635135942B7E13DD00D4781F /* EffectConfig.swift in Sources */ = {isa = PBXBuildFile; fileRef = 635135932B7E13DD00D4781F /* EffectConfig.swift */; };
		6351359A2B7E169000D4781F /* MainScreenViewModel.swift in Sources */ = {isa = PBXBuildFile; fileRef = 635135992B7E169000D4781F /* MainScreenViewModel.swift */; };
		6351359C2B7E174D00D4781F /* EffectsFactory.swift in Sources */ = {isa = PBXBuildFile; fileRef = 6351359B2B7E174D00D4781F /* EffectsFactory.swift */; };
		635135A22B7E385900D4781F /* LaunchScreen.storyboard in Resources */ = {isa = PBXBuildFile; fileRef = 635135A12B7E385900D4781F /* LaunchScreen.storyboard */; };
		635135BB2B7E568800D4781F /* Media.xcassets in Resources */ = {isa = PBXBuildFile; fileRef = 635135BA2B7E568800D4781F /* Media.xcassets */; };
		63F8AF712B835C050059A0BD /* Player+Async.swift in Sources */ = {isa = PBXBuildFile; fileRef = 63F8AF702B835C050059A0BD /* Player+Async.swift */; };
		703585872472DEB400FF0789 /* TokenService.swift in Sources */ = {isa = PBXBuildFile; fileRef = 703585862472DEB400FF0789 /* TokenService.swift */; };
		70A262C72472B2670036B942 /* AppDelegate.swift in Sources */ = {isa = PBXBuildFile; fileRef = 70A262C62472B2670036B942 /* AppDelegate.swift */; };
		F80C47E672C078322821BF2C /* Pods_videocall_ios_swift.framework in Frameworks */ = {isa = PBXBuildFile; fileRef = 64A7953414E6117D4C1C8C5A /* Pods_videocall_ios_swift.framework */; };
/* End PBXBuildFile section */

/* Begin PBXContainerItemProxy section */
		BAC5BBD827020269007D4B62 /* PBXContainerItemProxy */ = {
			isa = PBXContainerItemProxy;
			containerPortal = BAC5BBD427020269007D4B62 /* BanubaSdk.xcodeproj */;
			proxyType = 2;
			remoteGlobalIDString = 57AB757820FF4A240013C11F;
			remoteInfo = BanubaSdk;
		};
/* End PBXContainerItemProxy section */

/* Begin PBXFileReference section */
		13522BE525B5C2AE00617023 /* BanubaEffectPlayer.xcframework */ = {isa = PBXFileReference; lastKnownFileType = wrapper.xcframework; name = BanubaEffectPlayer.xcframework; path = Frameworks/BanubaEffectPlayer.xcframework; sourceTree = "<group>"; };
		13C2AF6124766AD0009641FC /* effects */ = {isa = PBXFileReference; lastKnownFileType = folder; path = effects; sourceTree = "<group>"; };
		6351356F2B7E0D8300D4781F /* MainViewController.storyboard */ = {isa = PBXFileReference; fileEncoding = 4; lastKnownFileType = file.storyboard; path = MainViewController.storyboard; sourceTree = "<group>"; };
		635135702B7E0D8300D4781F /* MainViewController.swift */ = {isa = PBXFileReference; fileEncoding = 4; lastKnownFileType = sourcecode.swift; path = MainViewController.swift; sourceTree = "<group>"; };
		635135772B7E10B700D4781F /* EffectPreviewCell.swift */ = {isa = PBXFileReference; fileEncoding = 4; lastKnownFileType = sourcecode.swift; path = EffectPreviewCell.swift; sourceTree = "<group>"; };
		6351357A2B7E10B700D4781F /* EffectPreviewCell.xib */ = {isa = PBXFileReference; fileEncoding = 4; lastKnownFileType = file.xib; path = EffectPreviewCell.xib; sourceTree = "<group>"; };
		6351357D2B7E10B700D4781F /* ReusableCell.swift */ = {isa = PBXFileReference; fileEncoding = 4; lastKnownFileType = sourcecode.swift; path = ReusableCell.swift; sourceTree = "<group>"; };
		6351358A2B7E115500D4781F /* UIColor+Utils.swift */ = {isa = PBXFileReference; fileEncoding = 4; lastKnownFileType = sourcecode.swift; path = "UIColor+Utils.swift"; sourceTree = "<group>"; };
		6351358C2B7E115C00D4781F /* UICollectionView+Extension.swift */ = {isa = PBXFileReference; fileEncoding = 4; lastKnownFileType = sourcecode.swift; path = "UICollectionView+Extension.swift"; sourceTree = "<group>"; };
		635135932B7E13DD00D4781F /* EffectConfig.swift */ = {isa = PBXFileReference; fileEncoding = 4; lastKnownFileType = sourcecode.swift; path = EffectConfig.swift; sourceTree = "<group>"; };
		635135992B7E169000D4781F /* MainScreenViewModel.swift */ = {isa = PBXFileReference; fileEncoding = 4; lastKnownFileType = sourcecode.swift; path = MainScreenViewModel.swift; sourceTree = "<group>"; };
		6351359B2B7E174D00D4781F /* EffectsFactory.swift */ = {isa = PBXFileReference; fileEncoding = 4; lastKnownFileType = sourcecode.swift; path = EffectsFactory.swift; sourceTree = "<group>"; };
		635135A12B7E385900D4781F /* LaunchScreen.storyboard */ = {isa = PBXFileReference; fileEncoding = 4; lastKnownFileType = file.storyboard; path = LaunchScreen.storyboard; sourceTree = "<group>"; };
		635135BA2B7E568800D4781F /* Media.xcassets */ = {isa = PBXFileReference; lastKnownFileType = folder.assetcatalog; path = Media.xcassets; sourceTree = "<group>"; };
		63F8AF702B835C050059A0BD /* Player+Async.swift */ = {isa = PBXFileReference; lastKnownFileType = sourcecode.swift; path = "Player+Async.swift"; sourceTree = "<group>"; };
		64A7953414E6117D4C1C8C5A /* Pods_videocall_ios_swift.framework */ = {isa = PBXFileReference; explicitFileType = wrapper.framework; includeInIndex = 0; path = Pods_videocall_ios_swift.framework; sourceTree = BUILT_PRODUCTS_DIR; };
		703585862472DEB400FF0789 /* TokenService.swift */ = {isa = PBXFileReference; lastKnownFileType = sourcecode.swift; path = TokenService.swift; sourceTree = "<group>"; };
		703AA2F62473BCCD002272D7 /* README.md */ = {isa = PBXFileReference; lastKnownFileType = net.daringfireball.markdown; path = README.md; sourceTree = "<group>"; };
		70A262C32472B2670036B942 /* videocall-ios-swift.app */ = {isa = PBXFileReference; explicitFileType = wrapper.application; includeInIndex = 0; path = "videocall-ios-swift.app"; sourceTree = BUILT_PRODUCTS_DIR; };
		70A262C62472B2670036B942 /* AppDelegate.swift */ = {isa = PBXFileReference; lastKnownFileType = sourcecode.swift; path = AppDelegate.swift; sourceTree = "<group>"; };
		70A262D42472B26B0036B942 /* Info.plist */ = {isa = PBXFileReference; lastKnownFileType = text.plist.xml; path = Info.plist; sourceTree = "<group>"; };
		70A262DA2472B7680036B942 /* Podfile */ = {isa = PBXFileReference; lastKnownFileType = text; path = Podfile; sourceTree = "<group>"; xcLanguageSpecificationIdentifier = xcode.lang.ruby; };
		98682289998CBF72EB661E97 /* Pods-videocall-ios-swift.release.xcconfig */ = {isa = PBXFileReference; includeInIndex = 1; lastKnownFileType = text.xcconfig; name = "Pods-videocall-ios-swift.release.xcconfig"; path = "Target Support Files/Pods-videocall-ios-swift/Pods-videocall-ios-swift.release.xcconfig"; sourceTree = "<group>"; };
		BAC5BBD427020269007D4B62 /* BanubaSdk.xcodeproj */ = {isa = PBXFileReference; lastKnownFileType = "wrapper.pb-project"; name = BanubaSdk.xcodeproj; path = Frameworks/BanubaSdk.xcodeproj; sourceTree = "<group>"; };
		FD9BD8C7C1B2D2BDB5F84589 /* Pods-videocall-ios-swift.debug.xcconfig */ = {isa = PBXFileReference; includeInIndex = 1; lastKnownFileType = text.xcconfig; name = "Pods-videocall-ios-swift.debug.xcconfig"; path = "Target Support Files/Pods-videocall-ios-swift/Pods-videocall-ios-swift.debug.xcconfig"; sourceTree = "<group>"; };
/* End PBXFileReference section */

/* Begin PBXFrameworksBuildPhase section */
		70A262C02472B2670036B942 /* Frameworks */ = {
			isa = PBXFrameworksBuildPhase;
			buildActionMask = 2147483647;
			files = (
				F80C47E672C078322821BF2C /* Pods_videocall_ios_swift.framework in Frameworks */,
			);
			runOnlyForDeploymentPostprocessing = 0;
		};
/* End PBXFrameworksBuildPhase section */

/* Begin PBXGroup section */
		41FD301D749EE53C618ADA71 /* Pods */ = {
			isa = PBXGroup;
			children = (
				FD9BD8C7C1B2D2BDB5F84589 /* Pods-videocall-ios-swift.debug.xcconfig */,
				98682289998CBF72EB661E97 /* Pods-videocall-ios-swift.release.xcconfig */,
			);
			path = Pods;
			sourceTree = "<group>";
		};
		635135752B7E10B700D4781F /* Cells */ = {
			isa = PBXGroup;
			children = (
				635135772B7E10B700D4781F /* EffectPreviewCell.swift */,
				6351357A2B7E10B700D4781F /* EffectPreviewCell.xib */,
				6351357D2B7E10B700D4781F /* ReusableCell.swift */,
			);
			path = Cells;
			sourceTree = "<group>";
		};
		635135882B7E10C700D4781F /* ViewControllers */ = {
			isa = PBXGroup;
			children = (
				635135992B7E169000D4781F /* MainScreenViewModel.swift */,
				6351356F2B7E0D8300D4781F /* MainViewController.storyboard */,
				635135702B7E0D8300D4781F /* MainViewController.swift */,
				635135752B7E10B700D4781F /* Cells */,
			);
			path = ViewControllers;
			sourceTree = "<group>";
		};
		635135892B7E113600D4781F /* Helpers */ = {
			isa = PBXGroup;
			children = (
				6351358A2B7E115500D4781F /* UIColor+Utils.swift */,
				6351358C2B7E115C00D4781F /* UICollectionView+Extension.swift */,
				63F8AF702B835C050059A0BD /* Player+Async.swift */,
			);
			path = Helpers;
			sourceTree = "<group>";
		};
		635135922B7E12FE00D4781F /* Models */ = {
			isa = PBXGroup;
			children = (
				6351359B2B7E174D00D4781F /* EffectsFactory.swift */,
				635135932B7E13DD00D4781F /* EffectConfig.swift */,
			);
			path = Models;
			sourceTree = "<group>";
		};
		635135B92B7E566300D4781F /* Resources */ = {
			isa = PBXGroup;
			children = (
				635135BA2B7E568800D4781F /* Media.xcassets */,
			);
			path = Resources;
			sourceTree = "<group>";
		};
		70A262BA2472B2670036B942 = {
			isa = PBXGroup;
			children = (
				703AA2F62473BCCD002272D7 /* README.md */,
				70A262DA2472B7680036B942 /* Podfile */,
				70A262C52472B2670036B942 /* videocall-ios-swift */,
				13C2AF6124766AD0009641FC /* effects */,
				70A262C42472B2670036B942 /* Products */,
				41FD301D749EE53C618ADA71 /* Pods */,
				A54391BAE8727CEC05A68108 /* Frameworks */,
			);
			sourceTree = "<group>";
		};
		70A262C42472B2670036B942 /* Products */ = {
			isa = PBXGroup;
			children = (
				70A262C32472B2670036B942 /* videocall-ios-swift.app */,
			);
			name = Products;
			sourceTree = "<group>";
		};
		70A262C52472B2670036B942 /* videocall-ios-swift */ = {
			isa = PBXGroup;
			children = (
				635135922B7E12FE00D4781F /* Models */,
				635135892B7E113600D4781F /* Helpers */,
				635135882B7E10C700D4781F /* ViewControllers */,
				635135B92B7E566300D4781F /* Resources */,
				70A262C62472B2670036B942 /* AppDelegate.swift */,
				703585862472DEB400FF0789 /* TokenService.swift */,
				635135A12B7E385900D4781F /* LaunchScreen.storyboard */,
				70A262D42472B26B0036B942 /* Info.plist */,
			);
			path = "videocall-ios-swift";
			sourceTree = "<group>";
		};
		A54391BAE8727CEC05A68108 /* Frameworks */ = {
			isa = PBXGroup;
			children = (
				BAC5BBD427020269007D4B62 /* BanubaSdk.xcodeproj */,
				13522BE525B5C2AE00617023 /* BanubaEffectPlayer.xcframework */,
				64A7953414E6117D4C1C8C5A /* Pods_videocall_ios_swift.framework */,
			);
			name = Frameworks;
			sourceTree = "<group>";
		};
		BAC5BBD527020269007D4B62 /* Products */ = {
			isa = PBXGroup;
			children = (
				BAC5BBD927020269007D4B62 /* BanubaSdk.framework */,
			);
			name = Products;
			sourceTree = "<group>";
		};
/* End PBXGroup section */

/* Begin PBXNativeTarget section */
		70A262C22472B2670036B942 /* videocall-ios-swift */ = {
			isa = PBXNativeTarget;
			buildConfigurationList = 70A262D72472B26B0036B942 /* Build configuration list for PBXNativeTarget "videocall-ios-swift" */;
			buildPhases = (
				E6EF16BD4FC255A6E821BA8A /* [CP] Check Pods Manifest.lock */,
				70A262BF2472B2670036B942 /* Sources */,
				70A262C02472B2670036B942 /* Frameworks */,
				70A262C12472B2670036B942 /* Resources */,
				11179BC6365620C73F8F0818 /* [CP] Embed Pods Frameworks */,
			);
			buildRules = (
			);
			dependencies = (
			);
			name = "videocall-ios-swift";
			productName = "videocall-ios-swift";
			productReference = 70A262C32472B2670036B942 /* videocall-ios-swift.app */;
			productType = "com.apple.product-type.application";
		};
/* End PBXNativeTarget section */

/* Begin PBXProject section */
		70A262BB2472B2670036B942 /* Project object */ = {
			isa = PBXProject;
			attributes = {
				LastSwiftUpdateCheck = 1140;
				LastUpgradeCheck = 1240;
				ORGANIZATIONNAME = Banuba;
				TargetAttributes = {
					70A262C22472B2670036B942 = {
						CreatedOnToolsVersion = 11.4.1;
					};
				};
			};
			buildConfigurationList = 70A262BE2472B2670036B942 /* Build configuration list for PBXProject "videocall-ios-swift" */;
			compatibilityVersion = "Xcode 13.0";
			developmentRegion = en;
			hasScannedForEncodings = 0;
			knownRegions = (
				en,
				Base,
			);
			mainGroup = 70A262BA2472B2670036B942;
			productRefGroup = 70A262C42472B2670036B942 /* Products */;
			projectDirPath = "";
			projectReferences = (
				{
					ProductGroup = BAC5BBD527020269007D4B62 /* Products */;
					ProjectRef = BAC5BBD427020269007D4B62 /* BanubaSdk.xcodeproj */;
				},
			);
			projectRoot = "";
			targets = (
				70A262C22472B2670036B942 /* videocall-ios-swift */,
			);
		};
/* End PBXProject section */

/* Begin PBXReferenceProxy section */
		BAC5BBD927020269007D4B62 /* BanubaSdk.framework */ = {
			isa = PBXReferenceProxy;
			fileType = wrapper.framework;
			path = BanubaSdk.framework;
			remoteRef = BAC5BBD827020269007D4B62 /* PBXContainerItemProxy */;
			sourceTree = BUILT_PRODUCTS_DIR;
		};
/* End PBXReferenceProxy section */

/* Begin PBXResourcesBuildPhase section */
		70A262C12472B2670036B942 /* Resources */ = {
			isa = PBXResourcesBuildPhase;
			buildActionMask = 2147483647;
			files = (
				635135A22B7E385900D4781F /* LaunchScreen.storyboard in Resources */,
				635135832B7E10B700D4781F /* EffectPreviewCell.xib in Resources */,
				635135BB2B7E568800D4781F /* Media.xcassets in Resources */,
				635135712B7E0D8300D4781F /* MainViewController.storyboard in Resources */,
				13C2AF6224766AD0009641FC /* effects in Resources */,
			);
			runOnlyForDeploymentPostprocessing = 0;
		};
/* End PBXResourcesBuildPhase section */

/* Begin PBXShellScriptBuildPhase section */
		11179BC6365620C73F8F0818 /* [CP] Embed Pods Frameworks */ = {
			isa = PBXShellScriptBuildPhase;
			buildActionMask = 2147483647;
			files = (
			);
			inputFileListPaths = (
				"${PODS_ROOT}/Target Support Files/Pods-videocall-ios-swift/Pods-videocall-ios-swift-frameworks-${CONFIGURATION}-input-files.xcfilelist",
			);
			name = "[CP] Embed Pods Frameworks";
			outputFileListPaths = (
				"${PODS_ROOT}/Target Support Files/Pods-videocall-ios-swift/Pods-videocall-ios-swift-frameworks-${CONFIGURATION}-output-files.xcfilelist",
			);
			runOnlyForDeploymentPostprocessing = 0;
			shellPath = /bin/sh;
			shellScript = "\"${PODS_ROOT}/Target Support Files/Pods-videocall-ios-swift/Pods-videocall-ios-swift-frameworks.sh\"\n";
			showEnvVarsInLog = 0;
		};
		E6EF16BD4FC255A6E821BA8A /* [CP] Check Pods Manifest.lock */ = {
			isa = PBXShellScriptBuildPhase;
			buildActionMask = 2147483647;
			files = (
			);
			inputFileListPaths = (
			);
			inputPaths = (
				"${PODS_PODFILE_DIR_PATH}/Podfile.lock",
				"${PODS_ROOT}/Manifest.lock",
			);
			name = "[CP] Check Pods Manifest.lock";
			outputFileListPaths = (
			);
			outputPaths = (
				"$(DERIVED_FILE_DIR)/Pods-videocall-ios-swift-checkManifestLockResult.txt",
			);
			runOnlyForDeploymentPostprocessing = 0;
			shellPath = /bin/sh;
			shellScript = "diff \"${PODS_PODFILE_DIR_PATH}/Podfile.lock\" \"${PODS_ROOT}/Manifest.lock\" > /dev/null\nif [ $? != 0 ] ; then\n    # print error to STDERR\n    echo \"error: The sandbox is not in sync with the Podfile.lock. Run 'pod install' or update your CocoaPods installation.\" >&2\n    exit 1\nfi\n# This output is used by Xcode 'outputs' to avoid re-running this script phase.\necho \"SUCCESS\" > \"${SCRIPT_OUTPUT_FILE_0}\"\n";
			showEnvVarsInLog = 0;
		};
/* End PBXShellScriptBuildPhase section */

/* Begin PBXSourcesBuildPhase section */
		70A262BF2472B2670036B942 /* Sources */ = {
			isa = PBXSourcesBuildPhase;
			buildActionMask = 2147483647;
			files = (
				6351358B2B7E115500D4781F /* UIColor+Utils.swift in Sources */,
				703585872472DEB400FF0789 /* TokenService.swift in Sources */,
				635135802B7E10B700D4781F /* EffectPreviewCell.swift in Sources */,
				635135942B7E13DD00D4781F /* EffectConfig.swift in Sources */,
				6351359C2B7E174D00D4781F /* EffectsFactory.swift in Sources */,
				63F8AF712B835C050059A0BD /* Player+Async.swift in Sources */,
				70A262C72472B2670036B942 /* AppDelegate.swift in Sources */,
				6351358D2B7E115C00D4781F /* UICollectionView+Extension.swift in Sources */,
				6351359A2B7E169000D4781F /* MainScreenViewModel.swift in Sources */,
				635135722B7E0D8300D4781F /* MainViewController.swift in Sources */,
				635135862B7E10B700D4781F /* ReusableCell.swift in Sources */,
			);
			runOnlyForDeploymentPostprocessing = 0;
		};
/* End PBXSourcesBuildPhase section */

/* Begin XCBuildConfiguration section */
		70A262D52472B26B0036B942 /* Debug */ = {
			isa = XCBuildConfiguration;
			buildSettings = {
				ALWAYS_SEARCH_USER_PATHS = NO;
				CLANG_ANALYZER_NONNULL = YES;
				CLANG_ANALYZER_NUMBER_OBJECT_CONVERSION = YES_AGGRESSIVE;
				CLANG_CXX_LANGUAGE_STANDARD = "gnu++14";
				CLANG_CXX_LIBRARY = "libc++";
				CLANG_ENABLE_MODULES = YES;
				CLANG_ENABLE_OBJC_ARC = YES;
				CLANG_ENABLE_OBJC_WEAK = YES;
				CLANG_WARN_BLOCK_CAPTURE_AUTORELEASING = YES;
				CLANG_WARN_BOOL_CONVERSION = YES;
				CLANG_WARN_COMMA = YES;
				CLANG_WARN_CONSTANT_CONVERSION = YES;
				CLANG_WARN_DEPRECATED_OBJC_IMPLEMENTATIONS = YES;
				CLANG_WARN_DIRECT_OBJC_ISA_USAGE = YES_ERROR;
				CLANG_WARN_DOCUMENTATION_COMMENTS = YES;
				CLANG_WARN_EMPTY_BODY = YES;
				CLANG_WARN_ENUM_CONVERSION = YES;
				CLANG_WARN_INFINITE_RECURSION = YES;
				CLANG_WARN_INT_CONVERSION = YES;
				CLANG_WARN_NON_LITERAL_NULL_CONVERSION = YES;
				CLANG_WARN_OBJC_IMPLICIT_RETAIN_SELF = YES;
				CLANG_WARN_OBJC_LITERAL_CONVERSION = YES;
				CLANG_WARN_OBJC_ROOT_CLASS = YES_ERROR;
				CLANG_WARN_RANGE_LOOP_ANALYSIS = YES;
				CLANG_WARN_STRICT_PROTOTYPES = YES;
				CLANG_WARN_SUSPICIOUS_MOVE = YES;
				CLANG_WARN_UNGUARDED_AVAILABILITY = YES_AGGRESSIVE;
				CLANG_WARN_UNREACHABLE_CODE = YES;
				CLANG_WARN__DUPLICATE_METHOD_MATCH = YES;
				COPY_PHASE_STRIP = NO;
				DEBUG_INFORMATION_FORMAT = dwarf;
				ENABLE_STRICT_OBJC_MSGSEND = YES;
				ENABLE_TESTABILITY = YES;
				GCC_C_LANGUAGE_STANDARD = gnu11;
				GCC_DYNAMIC_NO_PIC = NO;
				GCC_NO_COMMON_BLOCKS = YES;
				GCC_OPTIMIZATION_LEVEL = 0;
				GCC_PREPROCESSOR_DEFINITIONS = (
					"DEBUG=1",
					"$(inherited)",
				);
				GCC_WARN_64_TO_32_BIT_CONVERSION = YES;
				GCC_WARN_ABOUT_RETURN_TYPE = YES_ERROR;
				GCC_WARN_UNDECLARED_SELECTOR = YES;
				GCC_WARN_UNINITIALIZED_AUTOS = YES_AGGRESSIVE;
				GCC_WARN_UNUSED_FUNCTION = YES;
				GCC_WARN_UNUSED_VARIABLE = YES;
				IPHONEOS_DEPLOYMENT_TARGET = 13.4;
				MTL_ENABLE_DEBUG_INFO = INCLUDE_SOURCE;
				MTL_FAST_MATH = YES;
				ONLY_ACTIVE_ARCH = YES;
				SDKROOT = iphoneos;
				SWIFT_ACTIVE_COMPILATION_CONDITIONS = DEBUG;
				SWIFT_OPTIMIZATION_LEVEL = "-Onone";
			};
			name = Debug;
		};
		70A262D62472B26B0036B942 /* Release */ = {
			isa = XCBuildConfiguration;
			buildSettings = {
				ALWAYS_SEARCH_USER_PATHS = NO;
				CLANG_ANALYZER_NONNULL = YES;
				CLANG_ANALYZER_NUMBER_OBJECT_CONVERSION = YES_AGGRESSIVE;
				CLANG_CXX_LANGUAGE_STANDARD = "gnu++14";
				CLANG_CXX_LIBRARY = "libc++";
				CLANG_ENABLE_MODULES = YES;
				CLANG_ENABLE_OBJC_ARC = YES;
				CLANG_ENABLE_OBJC_WEAK = YES;
				CLANG_WARN_BLOCK_CAPTURE_AUTORELEASING = YES;
				CLANG_WARN_BOOL_CONVERSION = YES;
				CLANG_WARN_COMMA = YES;
				CLANG_WARN_CONSTANT_CONVERSION = YES;
				CLANG_WARN_DEPRECATED_OBJC_IMPLEMENTATIONS = YES;
				CLANG_WARN_DIRECT_OBJC_ISA_USAGE = YES_ERROR;
				CLANG_WARN_DOCUMENTATION_COMMENTS = YES;
				CLANG_WARN_EMPTY_BODY = YES;
				CLANG_WARN_ENUM_CONVERSION = YES;
				CLANG_WARN_INFINITE_RECURSION = YES;
				CLANG_WARN_INT_CONVERSION = YES;
				CLANG_WARN_NON_LITERAL_NULL_CONVERSION = YES;
				CLANG_WARN_OBJC_IMPLICIT_RETAIN_SELF = YES;
				CLANG_WARN_OBJC_LITERAL_CONVERSION = YES;
				CLANG_WARN_OBJC_ROOT_CLASS = YES_ERROR;
				CLANG_WARN_RANGE_LOOP_ANALYSIS = YES;
				CLANG_WARN_STRICT_PROTOTYPES = YES;
				CLANG_WARN_SUSPICIOUS_MOVE = YES;
				CLANG_WARN_UNGUARDED_AVAILABILITY = YES_AGGRESSIVE;
				CLANG_WARN_UNREACHABLE_CODE = YES;
				CLANG_WARN__DUPLICATE_METHOD_MATCH = YES;
				COPY_PHASE_STRIP = NO;
				DEBUG_INFORMATION_FORMAT = "dwarf-with-dsym";
				ENABLE_NS_ASSERTIONS = NO;
				ENABLE_STRICT_OBJC_MSGSEND = YES;
				GCC_C_LANGUAGE_STANDARD = gnu11;
				GCC_NO_COMMON_BLOCKS = YES;
				GCC_WARN_64_TO_32_BIT_CONVERSION = YES;
				GCC_WARN_ABOUT_RETURN_TYPE = YES_ERROR;
				GCC_WARN_UNDECLARED_SELECTOR = YES;
				GCC_WARN_UNINITIALIZED_AUTOS = YES_AGGRESSIVE;
				GCC_WARN_UNUSED_FUNCTION = YES;
				GCC_WARN_UNUSED_VARIABLE = YES;
				IPHONEOS_DEPLOYMENT_TARGET = 13.4;
				MTL_ENABLE_DEBUG_INFO = NO;
				MTL_FAST_MATH = YES;
				SDKROOT = iphoneos;
				SWIFT_COMPILATION_MODE = wholemodule;
				SWIFT_OPTIMIZATION_LEVEL = "-O";
				VALIDATE_PRODUCT = YES;
			};
			name = Release;
		};
		70A262D82472B26B0036B942 /* Debug */ = {
			isa = XCBuildConfiguration;
			baseConfigurationReference = FD9BD8C7C1B2D2BDB5F84589 /* Pods-videocall-ios-swift.debug.xcconfig */;
			buildSettings = {
				CODE_SIGN_STYLE = Automatic;
				DEVELOPMENT_TEAM = NEWUB88C7M;
				ENABLE_BITCODE = NO;
				EXCLUDED_ARCHS = armv7;
				FRAMEWORK_SEARCH_PATHS = (
					"\"$(SRCROOT)/Frameworks\"",
					"$(inherited)",
				);
				INFOPLIST_FILE = "videocall-ios-swift/Info.plist";
				IPHONEOS_DEPLOYMENT_TARGET = 13.4;
				LD_RUNPATH_SEARCH_PATHS = (
					"$(inherited)",
					"@executable_path/Frameworks",
				);
				PRODUCT_BUNDLE_IDENTIFIER = "com.banuba.sdk.examples.videocall-ios-swift";
				PRODUCT_NAME = "$(TARGET_NAME)";
				SWIFT_VERSION = 5.0;
				TARGETED_DEVICE_FAMILY = "1,2";
				VALID_ARCHS = "arm64 x86_64";
			};
			name = Debug;
		};
		70A262D92472B26B0036B942 /* Release */ = {
			isa = XCBuildConfiguration;
			baseConfigurationReference = 98682289998CBF72EB661E97 /* Pods-videocall-ios-swift.release.xcconfig */;
			buildSettings = {
				CODE_SIGN_STYLE = Automatic;
				DEVELOPMENT_TEAM = NEWUB88C7M;
				ENABLE_BITCODE = NO;
				EXCLUDED_ARCHS = armv7;
				FRAMEWORK_SEARCH_PATHS = (
					"\"$(SRCROOT)/Frameworks\"",
					"$(inherited)",
				);
				INFOPLIST_FILE = "videocall-ios-swift/Info.plist";
				IPHONEOS_DEPLOYMENT_TARGET = 13.4;
				LD_RUNPATH_SEARCH_PATHS = (
					"$(inherited)",
					"@executable_path/Frameworks",
				);
				PRODUCT_BUNDLE_IDENTIFIER = "com.banuba.sdk.examples.videocall-ios-swift";
				PRODUCT_NAME = "$(TARGET_NAME)";
				SWIFT_VERSION = 5.0;
				TARGETED_DEVICE_FAMILY = "1,2";
				VALID_ARCHS = "arm64 x86_64";
			};
			name = Release;
		};
/* End XCBuildConfiguration section */

/* Begin XCConfigurationList section */
		70A262BE2472B2670036B942 /* Build configuration list for PBXProject "videocall-ios-swift" */ = {
			isa = XCConfigurationList;
			buildConfigurations = (
				70A262D52472B26B0036B942 /* Debug */,
				70A262D62472B26B0036B942 /* Release */,
			);
			defaultConfigurationIsVisible = 0;
			defaultConfigurationName = Release;
		};
		70A262D72472B26B0036B942 /* Build configuration list for PBXNativeTarget "videocall-ios-swift" */ = {
			isa = XCConfigurationList;
			buildConfigurations = (
				70A262D82472B26B0036B942 /* Debug */,
				70A262D92472B26B0036B942 /* Release */,
			);
			defaultConfigurationIsVisible = 0;
			defaultConfigurationName = Release;
		};
/* End XCConfigurationList section */
	};
	rootObject = 70A262BB2472B2670036B942 /* Project object */;
}
